
Microsoft Visual Studio Solution File, Format Version 12.00
# Visual Studio 15
VisualStudioVersion = 15.0.27130.2003
MinimumVisualStudioVersion = 10.0.40219.1
Project("{E24C65DC-7377-472B-9ABA-BC803B73C61A}") = "WebSite7", ".", "{EB3A549E-9F95-49F5-864F-0DE0063FECAC}"
	ProjectSection(WebsiteProperties) = preProject
		TargetFrameworkMoniker = ".NETFramework,Version%3Dv4.6.1"
		Debug.AspNetCompiler.VirtualPath = "/localhost_18474"
		Debug.AspNetCompiler.PhysicalPath = "..\WebSite7\"
		Debug.AspNetCompiler.TargetPath = "PrecompiledWeb\localhost_18474\"
		Debug.AspNetCompiler.Updateable = "true"
		Debug.AspNetCompiler.ForceOverwrite = "true"
		Debug.AspNetCompiler.FixedNames = "false"
		Debug.AspNetCompiler.Debug = "True"
		Release.AspNetCompiler.VirtualPath = "/localhost_18474"
		Release.AspNetCompiler.PhysicalPath = "..\WebSite7\"
		Release.AspNetCompiler.TargetPath = "PrecompiledWeb\localhost_18474\"
		Release.AspNetCompiler.Updateable = "true"
		Release.AspNetCompiler.ForceOverwrite = "true"
		Release.AspNetCompiler.FixedNames = "false"
		Release.AspNetCompiler.Debug = "False"
		VWDPort = "18474"
		SlnRelativePath = "..\WebSite7\"
		DefaultWebSiteLanguage = "Visual C#"
	EndProjectSection
EndProject
Global
	GlobalSection(SolutionConfigurationPlatforms) = preSolution
		Debug|Any CPU = Debug|Any CPU
	EndGlobalSection
	GlobalSection(ProjectConfigurationPlatforms) = postSolution
		{EB3A549E-9F95-49F5-864F-0DE0063FECAC}.Debug|Any CPU.ActiveCfg = Debug|Any CPU
		{EB3A549E-9F95-49F5-864F-0DE0063FECAC}.Debug|Any CPU.Build.0 = Debug|Any CPU
	EndGlobalSection
	GlobalSection(SolutionProperties) = preSolution
		HideSolutionNode = FALSE
	EndGlobalSection
	GlobalSection(ExtensibilityGlobals) = postSolution
		SolutionGuid = {A18FA97E-0446-44F6-8872-A07BDF2BA51D}
	EndGlobalSection
EndGlobal
